// !$*UTF8*$!
{
	archiveVersion = 1;
	classes = {
	};
	objectVersion = 77;
	objects = {

/* Begin PBXBuildFile section */
		6E8E4A892E94168A005FE7C9 /* TMDb in Frameworks */ = {isa = PBXBuildFile; productRef = 6E8E4A882E94168A005FE7C9 /* TMDb */; };
/* End PBXBuildFile section */

/* Begin PBXContainerItemProxy section */
		C8A6FC2C2E8D76A300FCA4D3 /* PBXContainerItemProxy */ = {
			isa = PBXContainerItemProxy;
			containerPortal = C8A6FC162E8D76A100FCA4D3 /* Project object */;
			proxyType = 1;
			remoteGlobalIDString = C8A6FC1D2E8D76A100FCA4D3;
			remoteInfo = MovieTinder;
		};
		C8A6FC362E8D76A300FCA4D3 /* PBXContainerItemProxy */ = {
			isa = PBXContainerItemProxy;
			containerPortal = C8A6FC162E8D76A100FCA4D3 /* Project object */;
			proxyType = 1;
			remoteGlobalIDString = C8A6FC1D2E8D76A100FCA4D3;
			remoteInfo = MovieTinder;
		};
/* End PBXContainerItemProxy section */

/* Begin PBXFileReference section */
		C8A6FC1E2E8D76A100FCA4D3 /* MovieTinder.app */ = {isa = PBXFileReference; explicitFileType = wrapper.application; includeInIndex = 0; path = MovieTinder.app; sourceTree = BUILT_PRODUCTS_DIR; };
		C8A6FC2B2E8D76A300FCA4D3 /* MovieTinderTests.xctest */ = {isa = PBXFileReference; explicitFileType = wrapper.cfbundle; includeInIndex = 0; path = MovieTinderTests.xctest; sourceTree = BUILT_PRODUCTS_DIR; };
		C8A6FC352E8D76A300FCA4D3 /* MovieTinderUITests.xctest */ = {isa = PBXFileReference; explicitFileType = wrapper.cfbundle; includeInIndex = 0; path = MovieTinderUITests.xctest; sourceTree = BUILT_PRODUCTS_DIR; };
/* End PBXFileReference section */

/* Begin PBXFileSystemSynchronizedRootGroup section */
		C8A6FC202E8D76A100FCA4D3 /* MovieTinder */ = {
			isa = PBXFileSystemSynchronizedRootGroup;
			path = MovieTinder;
			sourceTree = "<group>";
		};
		C8A6FC2E2E8D76A300FCA4D3 /* MovieTinderTests */ = {
			isa = PBXFileSystemSynchronizedRootGroup;
			path = MovieTinderTests;
			sourceTree = "<group>";
		};
		C8A6FC382E8D76A300FCA4D3 /* MovieTinderUITests */ = {
			isa = PBXFileSystemSynchronizedRootGroup;
			path = MovieTinderUITests;
			sourceTree = "<group>";
		};
/* End PBXFileSystemSynchronizedRootGroup section */

/* Begin PBXFrameworksBuildPhase section */
		C8A6FC1B2E8D76A100FCA4D3 /* Frameworks */ = {
			isa = PBXFrameworksBuildPhase;
			buildActionMask = 2147483647;
			files = (
				6E8E4A892E94168A005FE7C9 /* TMDb in Frameworks */,
			);
			runOnlyForDeploymentPostprocessing = 0;
		};
		C8A6FC282E8D76A300FCA4D3 /* Frameworks */ = {
			isa = PBXFrameworksBuildPhase;
			buildActionMask = 2147483647;
			files = (
			);
			runOnlyForDeploymentPostprocessing = 0;
		};
		C8A6FC322E8D76A300FCA4D3 /* Frameworks */ = {
			isa = PBXFrameworksBuildPhase;
			buildActionMask = 2147483647;
			files = (
			);
			runOnlyForDeploymentPostprocessing = 0;
		};
/* End PBXFrameworksBuildPhase section */

/* Begin PBXGroup section */
		C8A6FC152E8D76A100FCA4D3 = {
			isa = PBXGroup;
			children = (
				C8A6FC202E8D76A100FCA4D3 /* MovieTinder */,
				C8A6FC2E2E8D76A300FCA4D3 /* MovieTinderTests */,
				C8A6FC382E8D76A300FCA4D3 /* MovieTinderUITests */,
				C8A6FC1F2E8D76A100FCA4D3 /* Products */,
			);
			sourceTree = "<group>";
		};
		C8A6FC1F2E8D76A100FCA4D3 /* Products */ = {
			isa = PBXGroup;
			children = (
				C8A6FC1E2E8D76A100FCA4D3 /* MovieTinder.app */,
				C8A6FC2B2E8D76A300FCA4D3 /* MovieTinderTests.xctest */,
				C8A6FC352E8D76A300FCA4D3 /* MovieTinderUITests.xctest */,
			);
			name = Products;
			sourceTree = "<group>";
		};
/* End PBXGroup section */

/* Begin PBXNativeTarget section */
		C8A6FC1D2E8D76A100FCA4D3 /* MovieTinder */ = {
			isa = PBXNativeTarget;
			buildConfigurationList = C8A6FC3F2E8D76A300FCA4D3 /* Build configuration list for PBXNativeTarget "MovieTinder" */;
			buildPhases = (
				C8A6FC1A2E8D76A100FCA4D3 /* Sources */,
				C8A6FC1B2E8D76A100FCA4D3 /* Frameworks */,
				C8A6FC1C2E8D76A100FCA4D3 /* Resources */,
			);
			buildRules = (
			);
			dependencies = (
			);
			fileSystemSynchronizedGroups = (
				C8A6FC202E8D76A100FCA4D3 /* MovieTinder */,
			);
			name = MovieTinder;
			packageProductDependencies = (
				6E8E4A882E94168A005FE7C9 /* TMDb */,
			);
			productName = MovieTinder;
			productReference = C8A6FC1E2E8D76A100FCA4D3 /* MovieTinder.app */;
			productType = "com.apple.product-type.application";
		};
		C8A6FC2A2E8D76A300FCA4D3 /* MovieTinderTests */ = {
			isa = PBXNativeTarget;
			buildConfigurationList = C8A6FC422E8D76A300FCA4D3 /* Build configuration list for PBXNativeTarget "MovieTinderTests" */;
			buildPhases = (
				C8A6FC272E8D76A300FCA4D3 /* Sources */,
				C8A6FC282E8D76A300FCA4D3 /* Frameworks */,
				C8A6FC292E8D76A300FCA4D3 /* Resources */,
			);
			buildRules = (
			);
			dependencies = (
				C8A6FC2D2E8D76A300FCA4D3 /* PBXTargetDependency */,
			);
			fileSystemSynchronizedGroups = (
				C8A6FC2E2E8D76A300FCA4D3 /* MovieTinderTests */,
			);
			name = MovieTinderTests;
			packageProductDependencies = (
			);
			productName = MovieTinderTests;
			productReference = C8A6FC2B2E8D76A300FCA4D3 /* MovieTinderTests.xctest */;
			productType = "com.apple.product-type.bundle.unit-test";
		};
		C8A6FC342E8D76A300FCA4D3 /* MovieTinderUITests */ = {
			isa = PBXNativeTarget;
			buildConfigurationList = C8A6FC452E8D76A300FCA4D3 /* Build configuration list for PBXNativeTarget "MovieTinderUITests" */;
			buildPhases = (
				C8A6FC312E8D76A300FCA4D3 /* Sources */,
				C8A6FC322E8D76A300FCA4D3 /* Frameworks */,
				C8A6FC332E8D76A300FCA4D3 /* Resources */,
			);
			buildRules = (
			);
			dependencies = (
				C8A6FC372E8D76A300FCA4D3 /* PBXTargetDependency */,
			);
			fileSystemSynchronizedGroups = (
				C8A6FC382E8D76A300FCA4D3 /* MovieTinderUITests */,
			);
			name = MovieTinderUITests;
			packageProductDependencies = (
			);
			productName = MovieTinderUITests;
			productReference = C8A6FC352E8D76A300FCA4D3 /* MovieTinderUITests.xctest */;
			productType = "com.apple.product-type.bundle.ui-testing";
		};
/* End PBXNativeTarget section */

/* Begin PBXProject section */
		C8A6FC162E8D76A100FCA4D3 /* Project object */ = {
			isa = PBXProject;
			attributes = {
				BuildIndependentTargetsInParallel = 1;
				LastSwiftUpdateCheck = 2600;
				LastUpgradeCheck = 2600;
				TargetAttributes = {
					C8A6FC1D2E8D76A100FCA4D3 = {
						CreatedOnToolsVersion = 26.0.1;
					};
					C8A6FC2A2E8D76A300FCA4D3 = {
						CreatedOnToolsVersion = 26.0.1;
						TestTargetID = C8A6FC1D2E8D76A100FCA4D3;
					};
					C8A6FC342E8D76A300FCA4D3 = {
						CreatedOnToolsVersion = 26.0.1;
						TestTargetID = C8A6FC1D2E8D76A100FCA4D3;
					};
				};
			};
			buildConfigurationList = C8A6FC192E8D76A100FCA4D3 /* Build configuration list for PBXProject "MovieTinder" */;
			developmentRegion = en;
			hasScannedForEncodings = 0;
			knownRegions = (
				en,
				Base,
			);
			mainGroup = C8A6FC152E8D76A100FCA4D3;
			minimizedProjectReferenceProxies = 1;
			packageReferences = (
				6E8E4A872E94168A005FE7C9 /* XCRemoteSwiftPackageReference "TMDb" */,
			);
			preferredProjectObjectVersion = 77;
			productRefGroup = C8A6FC1F2E8D76A100FCA4D3 /* Products */;
			projectDirPath = "";
			projectRoot = "";
			targets = (
				C8A6FC1D2E8D76A100FCA4D3 /* MovieTinder */,
				C8A6FC2A2E8D76A300FCA4D3 /* MovieTinderTests */,
				C8A6FC342E8D76A300FCA4D3 /* MovieTinderUITests */,
			);
		};
/* End PBXProject section */

/* Begin PBXResourcesBuildPhase section */
		C8A6FC1C2E8D76A100FCA4D3 /* Resources */ = {
			isa = PBXResourcesBuildPhase;
			buildActionMask = 2147483647;
			files = (
			);
			runOnlyForDeploymentPostprocessing = 0;
		};
		C8A6FC292E8D76A300FCA4D3 /* Resources */ = {
			isa = PBXResourcesBuildPhase;
			buildActionMask = 2147483647;
			files = (
			);
			runOnlyForDeploymentPostprocessing = 0;
		};
		C8A6FC332E8D76A300FCA4D3 /* Resources */ = {
			isa = PBXResourcesBuildPhase;
			buildActionMask = 2147483647;
			files = (
			);
			runOnlyForDeploymentPostprocessing = 0;
		};
/* End PBXResourcesBuildPhase section */

/* Begin PBXSourcesBuildPhase section */
		C8A6FC1A2E8D76A100FCA4D3 /* Sources */ = {
			isa = PBXSourcesBuildPhase;
			buildActionMask = 2147483647;
			files = (
			);
			runOnlyForDeploymentPostprocessing = 0;
		};
		C8A6FC272E8D76A300FCA4D3 /* Sources */ = {
			isa = PBXSourcesBuildPhase;
			buildActionMask = 2147483647;
			files = (
			);
			runOnlyForDeploymentPostprocessing = 0;
		};
		C8A6FC312E8D76A300FCA4D3 /* Sources */ = {
			isa = PBXSourcesBuildPhase;
			buildActionMask = 2147483647;
			files = (
			);
			runOnlyForDeploymentPostprocessing = 0;
		};
/* End PBXSourcesBuildPhase section */

/* Begin PBXTargetDependency section */
		C8A6FC2D2E8D76A300FCA4D3 /* PBXTargetDependency */ = {
			isa = PBXTargetDependency;
			target = C8A6FC1D2E8D76A100FCA4D3 /* MovieTinder */;
			targetProxy = C8A6FC2C2E8D76A300FCA4D3 /* PBXContainerItemProxy */;
		};
		C8A6FC372E8D76A300FCA4D3 /* PBXTargetDependency */ = {
			isa = PBXTargetDependency;
			target = C8A6FC1D2E8D76A100FCA4D3 /* MovieTinder */;
			targetProxy = C8A6FC362E8D76A300FCA4D3 /* PBXContainerItemProxy */;
		};
/* End PBXTargetDependency section */

/* Begin XCBuildConfiguration section */
		C8A6FC3D2E8D76A300FCA4D3 /* Debug */ = {
			isa = XCBuildConfiguration;
			buildSettings = {
				ALWAYS_SEARCH_USER_PATHS = NO;
				ASSETCATALOG_COMPILER_GENERATE_SWIFT_ASSET_SYMBOL_EXTENSIONS = YES;
				CLANG_ANALYZER_NONNULL = YES;
				CLANG_ANALYZER_NUMBER_OBJECT_CONVERSION = YES_AGGRESSIVE;
				CLANG_CXX_LANGUAGE_STANDARD = "gnu++20";
				CLANG_ENABLE_MODULES = YES;
				CLANG_ENABLE_OBJC_ARC = YES;
				CLANG_ENABLE_OBJC_WEAK = YES;
				CLANG_WARN_BLOCK_CAPTURE_AUTORELEASING = YES;
				CLANG_WARN_BOOL_CONVERSION = YES;
				CLANG_WARN_COMMA = YES;
				CLANG_WARN_CONSTANT_CONVERSION = YES;
				CLANG_WARN_DEPRECATED_OBJC_IMPLEMENTATIONS = YES;
				CLANG_WARN_DIRECT_OBJC_ISA_USAGE = YES_ERROR;
				CLANG_WARN_DOCUMENTATION_COMMENTS = YES;
				CLANG_WARN_EMPTY_BODY = YES;
				CLANG_WARN_ENUM_CONVERSION = YES;
				CLANG_WARN_INFINITE_RECURSION = YES;
				CLANG_WARN_INT_CONVERSION = YES;
				CLANG_WARN_NON_LITERAL_NULL_CONVERSION = YES;
				CLANG_WARN_OBJC_IMPLICIT_RETAIN_SELF = YES;
				CLANG_WARN_OBJC_LITERAL_CONVERSION = YES;
				CLANG_WARN_OBJC_ROOT_CLASS = YES_ERROR;
				CLANG_WARN_QUOTED_INCLUDE_IN_FRAMEWORK_HEADER = YES;
				CLANG_WARN_RANGE_LOOP_ANALYSIS = YES;
				CLANG_WARN_STRICT_PROTOTYPES = YES;
				CLANG_WARN_SUSPICIOUS_MOVE = YES;
				CLANG_WARN_UNGUARDED_AVAILABILITY = YES_AGGRESSIVE;
				CLANG_WARN_UNREACHABLE_CODE = YES;
				CLANG_WARN__DUPLICATE_METHOD_MATCH = YES;
				COPY_PHASE_STRIP = NO;
				DEBUG_INFORMATION_FORMAT = dwarf;
				ENABLE_STRICT_OBJC_MSGSEND = YES;
				ENABLE_TESTABILITY = YES;
				ENABLE_USER_SCRIPT_SANDBOXING = YES;
				GCC_C_LANGUAGE_STANDARD = gnu17;
				GCC_DYNAMIC_NO_PIC = NO;
				GCC_NO_COMMON_BLOCKS = YES;
				GCC_OPTIMIZATION_LEVEL = 0;
				GCC_PREPROCESSOR_DEFINITIONS = (
					"DEBUG=1",
					"$(inherited)",
				);
				GCC_WARN_64_TO_32_BIT_CONVERSION = YES;
				GCC_WARN_ABOUT_RETURN_TYPE = YES_ERROR;
				GCC_WARN_UNDECLARED_SELECTOR = YES;
				GCC_WARN_UNINITIALIZED_AUTOS = YES_AGGRESSIVE;
				GCC_WARN_UNUSED_FUNCTION = YES;
				GCC_WARN_UNUSED_VARIABLE = YES;
				IPHONEOS_DEPLOYMENT_TARGET = 26.0;
				LOCALIZATION_PREFERS_STRING_CATALOGS = YES;
				MTL_ENABLE_DEBUG_INFO = INCLUDE_SOURCE;
				MTL_FAST_MATH = YES;
				ONLY_ACTIVE_ARCH = YES;
				SDKROOT = iphoneos;
				SWIFT_ACTIVE_COMPILATION_CONDITIONS = "DEBUG $(inherited)";
				SWIFT_OPTIMIZATION_LEVEL = "-Onone";
			};
			name = Debug;
		};
		C8A6FC3E2E8D76A300FCA4D3 /* Release */ = {
			isa = XCBuildConfiguration;
			buildSettings = {
				ALWAYS_SEARCH_USER_PATHS = NO;
				ASSETCATALOG_COMPILER_GENERATE_SWIFT_ASSET_SYMBOL_EXTENSIONS = YES;
				CLANG_ANALYZER_NONNULL = YES;
				CLANG_ANALYZER_NUMBER_OBJECT_CONVERSION = YES_AGGRESSIVE;
				CLANG_CXX_LANGUAGE_STANDARD = "gnu++20";
				CLANG_ENABLE_MODULES = YES;
				CLANG_ENABLE_OBJC_ARC = YES;
				CLANG_ENABLE_OBJC_WEAK = YES;
				CLANG_WARN_BLOCK_CAPTURE_AUTORELEASING = YES;
				CLANG_WARN_BOOL_CONVERSION = YES;
				CLANG_WARN_COMMA = YES;
				CLANG_WARN_CONSTANT_CONVERSION = YES;
				CLANG_WARN_DEPRECATED_OBJC_IMPLEMENTATIONS = YES;
				CLANG_WARN_DIRECT_OBJC_ISA_USAGE = YES_ERROR;
				CLANG_WARN_DOCUMENTATION_COMMENTS = YES;
				CLANG_WARN_EMPTY_BODY = YES;
				CLANG_WARN_ENUM_CONVERSION = YES;
				CLANG_WARN_INFINITE_RECURSION = YES;
				CLANG_WARN_INT_CONVERSION = YES;
				CLANG_WARN_NON_LITERAL_NULL_CONVERSION = YES;
				CLANG_WARN_OBJC_IMPLICIT_RETAIN_SELF = YES;
				CLANG_WARN_OBJC_LITERAL_CONVERSION = YES;
				CLANG_WARN_OBJC_ROOT_CLASS = YES_ERROR;
				CLANG_WARN_QUOTED_INCLUDE_IN_FRAMEWORK_HEADER = YES;
				CLANG_WARN_RANGE_LOOP_ANALYSIS = YES;
				CLANG_WARN_STRICT_PROTOTYPES = YES;
				CLANG_WARN_SUSPICIOUS_MOVE = YES;
				CLANG_WARN_UNGUARDED_AVAILABILITY = YES_AGGRESSIVE;
				CLANG_WARN_UNREACHABLE_CODE = YES;
				CLANG_WARN__DUPLICATE_METHOD_MATCH = YES;
				COPY_PHASE_STRIP = NO;
				DEBUG_INFORMATION_FORMAT = "dwarf-with-dsym";
				ENABLE_NS_ASSERTIONS = NO;
				ENABLE_STRICT_OBJC_MSGSEND = YES;
				ENABLE_USER_SCRIPT_SANDBOXING = YES;
				GCC_C_LANGUAGE_STANDARD = gnu17;
				GCC_NO_COMMON_BLOCKS = YES;
				GCC_WARN_64_TO_32_BIT_CONVERSION = YES;
				GCC_WARN_ABOUT_RETURN_TYPE = YES_ERROR;
				GCC_WARN_UNDECLARED_SELECTOR = YES;
				GCC_WARN_UNINITIALIZED_AUTOS = YES_AGGRESSIVE;
				GCC_WARN_UNUSED_FUNCTION = YES;
				GCC_WARN_UNUSED_VARIABLE = YES;
				IPHONEOS_DEPLOYMENT_TARGET = 26.0;
				LOCALIZATION_PREFERS_STRING_CATALOGS = YES;
				MTL_ENABLE_DEBUG_INFO = NO;
				MTL_FAST_MATH = YES;
				SDKROOT = iphoneos;
				SWIFT_COMPILATION_MODE = wholemodule;
				VALIDATE_PRODUCT = YES;
			};
			name = Release;
		};
		C8A6FC402E8D76A300FCA4D3 /* Debug */ = {
			isa = XCBuildConfiguration;
			buildSettings = {
				ASSETCATALOG_COMPILER_APPICON_NAME = AppIcon;
				ASSETCATALOG_COMPILER_GLOBAL_ACCENT_COLOR_NAME = AccentColor;
				CODE_SIGN_STYLE = Automatic;
				CURRENT_PROJECT_VERSION = 1;
				ENABLE_PREVIEWS = YES;
				GENERATE_INFOPLIST_FILE = YES;
				INFOPLIST_KEY_UIApplicationSceneManifest_Generation = YES;
				INFOPLIST_KEY_UIApplicationSupportsIndirectInputEvents = YES;
				INFOPLIST_KEY_UILaunchScreen_Generation = YES;
				INFOPLIST_KEY_UISupportedInterfaceOrientations_iPad = "UIInterfaceOrientationPortrait UIInterfaceOrientationPortraitUpsideDown UIInterfaceOrientationLandscapeLeft UIInterfaceOrientationLandscapeRight";
				INFOPLIST_KEY_UISupportedInterfaceOrientations_iPhone = "UIInterfaceOrientationPortrait UIInterfaceOrientationLandscapeLeft UIInterfaceOrientationLandscapeRight";
				LD_RUNPATH_SEARCH_PATHS = (
					"$(inherited)",
					"@executable_path/Frameworks",
				);
				MARKETING_VERSION = 1.0;
				PRODUCT_BUNDLE_IDENTIFIER = Macalester.MovieTinder;
				PRODUCT_NAME = "$(TARGET_NAME)";
				STRING_CATALOG_GENERATE_SYMBOLS = YES;
				SWIFT_APPROACHABLE_CONCURRENCY = YES;
				SWIFT_DEFAULT_ACTOR_ISOLATION = MainActor;
				SWIFT_EMIT_LOC_STRINGS = YES;
				SWIFT_UPCOMING_FEATURE_MEMBER_IMPORT_VISIBILITY = YES;
				SWIFT_VERSION = 5.0;
				TARGETED_DEVICE_FAMILY = "1,2";
			};
			name = Debug;
		};
		C8A6FC412E8D76A300FCA4D3 /* Release */ = {
			isa = XCBuildConfiguration;
			buildSettings = {
				ASSETCATALOG_COMPILER_APPICON_NAME = AppIcon;
				ASSETCATALOG_COMPILER_GLOBAL_ACCENT_COLOR_NAME = AccentColor;
				CODE_SIGN_STYLE = Automatic;
				CURRENT_PROJECT_VERSION = 1;
				ENABLE_PREVIEWS = YES;
				GENERATE_INFOPLIST_FILE = YES;
				INFOPLIST_KEY_UIApplicationSceneManifest_Generation = YES;
				INFOPLIST_KEY_UIApplicationSupportsIndirectInputEvents = YES;
				INFOPLIST_KEY_UILaunchScreen_Generation = YES;
				INFOPLIST_KEY_UISupportedInterfaceOrientations_iPad = "UIInterfaceOrientationPortrait UIInterfaceOrientationPortraitUpsideDown UIInterfaceOrientationLandscapeLeft UIInterfaceOrientationLandscapeRight";
				INFOPLIST_KEY_UISupportedInterfaceOrientations_iPhone = "UIInterfaceOrientationPortrait UIInterfaceOrientationLandscapeLeft UIInterfaceOrientationLandscapeRight";
				LD_RUNPATH_SEARCH_PATHS = (
					"$(inherited)",
					"@executable_path/Frameworks",
				);
				MARKETING_VERSION = 1.0;
				PRODUCT_BUNDLE_IDENTIFIER = Macalester.MovieTinder;
				PRODUCT_NAME = "$(TARGET_NAME)";
				STRING_CATALOG_GENERATE_SYMBOLS = YES;
				SWIFT_APPROACHABLE_CONCURRENCY = YES;
				SWIFT_DEFAULT_ACTOR_ISOLATION = MainActor;
				SWIFT_EMIT_LOC_STRINGS = YES;
				SWIFT_UPCOMING_FEATURE_MEMBER_IMPORT_VISIBILITY = YES;
				SWIFT_VERSION = 5.0;
				TARGETED_DEVICE_FAMILY = "1,2";
			};
			name = Release;
		};
		C8A6FC432E8D76A300FCA4D3 /* Debug */ = {
			isa = XCBuildConfiguration;
			buildSettings = {
				BUNDLE_LOADER = "$(TEST_HOST)";
				CODE_SIGN_STYLE = Automatic;
				CURRENT_PROJECT_VERSION = 1;
				GENERATE_INFOPLIST_FILE = YES;
				IPHONEOS_DEPLOYMENT_TARGET = 26.0;
				MARKETING_VERSION = 1.0;
				PRODUCT_BUNDLE_IDENTIFIER = Macalester.MovieTinderTests;
				PRODUCT_NAME = "$(TARGET_NAME)";
				STRING_CATALOG_GENERATE_SYMBOLS = NO;
				SWIFT_APPROACHABLE_CONCURRENCY = YES;
				SWIFT_EMIT_LOC_STRINGS = NO;
				SWIFT_UPCOMING_FEATURE_MEMBER_IMPORT_VISIBILITY = YES;
				SWIFT_VERSION = 5.0;
				TARGETED_DEVICE_FAMILY = "1,2";
				TEST_HOST = "$(BUILT_PRODUCTS_DIR)/MovieTinder.app/$(BUNDLE_EXECUTABLE_FOLDER_PATH)/MovieTinder";
			};
			name = Debug;
		};
		C8A6FC442E8D76A300FCA4D3 /* Release */ = {
			isa = XCBuildConfiguration;
			buildSettings = {
				BUNDLE_LOADER = "$(TEST_HOST)";
				CODE_SIGN_STYLE = Automatic;
				CURRENT_PROJECT_VERSION = 1;
				GENERATE_INFOPLIST_FILE = YES;
				IPHONEOS_DEPLOYMENT_TARGET = 26.0;
				MARKETING_VERSION = 1.0;
				PRODUCT_BUNDLE_IDENTIFIER = Macalester.MovieTinderTests;
				PRODUCT_NAME = "$(TARGET_NAME)";
				STRING_CATALOG_GENERATE_SYMBOLS = NO;
				SWIFT_APPROACHABLE_CONCURRENCY = YES;
				SWIFT_EMIT_LOC_STRINGS = NO;
				SWIFT_UPCOMING_FEATURE_MEMBER_IMPORT_VISIBILITY = YES;
				SWIFT_VERSION = 5.0;
				TARGETED_DEVICE_FAMILY = "1,2";
				TEST_HOST = "$(BUILT_PRODUCTS_DIR)/MovieTinder.app/$(BUNDLE_EXECUTABLE_FOLDER_PATH)/MovieTinder";
			};
			name = Release;
		};
		C8A6FC462E8D76A300FCA4D3 /* Debug */ = {
			isa = XCBuildConfiguration;
			buildSettings = {
				CODE_SIGN_STYLE = Automatic;
				CURRENT_PROJECT_VERSION = 1;
				GENERATE_INFOPLIST_FILE = YES;
				MARKETING_VERSION = 1.0;
				PRODUCT_BUNDLE_IDENTIFIER = Macalester.MovieTinderUITests;
				PRODUCT_NAME = "$(TARGET_NAME)";
				STRING_CATALOG_GENERATE_SYMBOLS = NO;
				SWIFT_APPROACHABLE_CONCURRENCY = YES;
				SWIFT_EMIT_LOC_STRINGS = NO;
				SWIFT_UPCOMING_FEATURE_MEMBER_IMPORT_VISIBILITY = YES;
				SWIFT_VERSION = 5.0;
				TARGETED_DEVICE_FAMILY = "1,2";
				TEST_TARGET_NAME = MovieTinder;
			};
			name = Debug;
		};
		C8A6FC472E8D76A300FCA4D3 /* Release */ = {
			isa = XCBuildConfiguration;
			buildSettings = {
				CODE_SIGN_STYLE = Automatic;
				CURRENT_PROJECT_VERSION = 1;
				GENERATE_INFOPLIST_FILE = YES;
				MARKETING_VERSION = 1.0;
				PRODUCT_BUNDLE_IDENTIFIER = Macalester.MovieTinderUITests;
				PRODUCT_NAME = "$(TARGET_NAME)";
				STRING_CATALOG_GENERATE_SYMBOLS = NO;
				SWIFT_APPROACHABLE_CONCURRENCY = YES;
				SWIFT_EMIT_LOC_STRINGS = NO;
				SWIFT_UPCOMING_FEATURE_MEMBER_IMPORT_VISIBILITY = YES;
				SWIFT_VERSION = 5.0;
				TARGETED_DEVICE_FAMILY = "1,2";
				TEST_TARGET_NAME = MovieTinder;
			};
			name = Release;
		};
/* End XCBuildConfiguration section */

/* Begin XCConfigurationList section */
		C8A6FC192E8D76A100FCA4D3 /* Build configuration list for PBXProject "MovieTinder" */ = {
			isa = XCConfigurationList;
			buildConfigurations = (
				C8A6FC3D2E8D76A300FCA4D3 /* Debug */,
				C8A6FC3E2E8D76A300FCA4D3 /* Release */,
			);
			defaultConfigurationIsVisible = 0;
			defaultConfigurationName = Release;
		};
		C8A6FC3F2E8D76A300FCA4D3 /* Build configuration list for PBXNativeTarget "MovieTinder" */ = {
			isa = XCConfigurationList;
			buildConfigurations = (
				C8A6FC402E8D76A300FCA4D3 /* Debug */,
				C8A6FC412E8D76A300FCA4D3 /* Release */,
			);
			defaultConfigurationIsVisible = 0;
			defaultConfigurationName = Release;
		};
		C8A6FC422E8D76A300FCA4D3 /* Build configuration list for PBXNativeTarget "MovieTinderTests" */ = {
			isa = XCConfigurationList;
			buildConfigurations = (
				C8A6FC432E8D76A300FCA4D3 /* Debug */,
				C8A6FC442E8D76A300FCA4D3 /* Release */,
			);
			defaultConfigurationIsVisible = 0;
			defaultConfigurationName = Release;
		};
		C8A6FC452E8D76A300FCA4D3 /* Build configuration list for PBXNativeTarget "MovieTinderUITests" */ = {
			isa = XCConfigurationList;
			buildConfigurations = (
				C8A6FC462E8D76A300FCA4D3 /* Debug */,
				C8A6FC472E8D76A300FCA4D3 /* Release */,
			);
			defaultConfigurationIsVisible = 0;
			defaultConfigurationName = Release;
		};
/* End XCConfigurationList section */

/* Begin XCRemoteSwiftPackageReference section */
		6E8E4A872E94168A005FE7C9 /* XCRemoteSwiftPackageReference "TMDb" */ = {
			isa = XCRemoteSwiftPackageReference;
			repositoryURL = "https://github.com/adamayoung/TMDb.git";
			requirement = {
				kind = upToNextMajorVersion;
				minimumVersion = 13.3.0;
			};
		};
/* End XCRemoteSwiftPackageReference section */

/* Begin XCSwiftPackageProductDependency section */
		6E8E4A882E94168A005FE7C9 /* TMDb */ = {
			isa = XCSwiftPackageProductDependency;
			package = 6E8E4A872E94168A005FE7C9 /* XCRemoteSwiftPackageReference "TMDb" */;
			productName = TMDb;
		};
/* End XCSwiftPackageProductDependency section */
	};
	rootObject = C8A6FC162E8D76A100FCA4D3 /* Project object */;
}
