{
  "originHash" : "6b9c3d754b2d53e5514de61ceefb38d09461844bad0cb53cf08d68e622a2cd7f",
  "pins" : [
    {
      "identity" : "tmdb",
      "kind" : "remoteSourceControl",
      "location" : "https://github.com/adamayoung/TMDb.git",
      "state" : {
        "revision" : "edbaefe23929ca109e1e1512e8d6a660d501a6de",
        "version" : "13.3.0"
      }
    }
  ],
  "version" : 3
}
